{
  "name": "mx-connect-web-demo",
  "version": "1.0.0",
  "lockfileVersion": 2,
  "requires": true,
  "packages": {
    "": {
      "name": "mx-connect-web-demo",
      "version": "1.0.0",
      "license": "ISC",
      "dependencies": {
        "@mxenabled/web-widget-sdk": "^0.0.13"
      }
    },
    "node_modules/@mxenabled/web-widget-sdk": {
      "version": "0.0.13",
      "resolved": "https://registry.npmjs.org/@mxenabled/web-widget-sdk/-/web-widget-sdk-0.0.13.tgz",
      "integrity": "sha512-kPH33le0A/yzAC8x+KVN0ys3+vsE7aunnPYHmLUf0WZLc0oxwYZFcR9NJETnf11yGAbB+tpNWwUf2jMnHBu3Gg==",
      "dependencies": {
        "@mxenabled/widget-post-message-definitions": "^1.4.0"
      }
    },
    "node_modules/@mxenabled/widget-post-message-definitions": {
      "version": "1.4.0",
      "resolved": "https://registry.npmjs.org/@mxenabled/widget-post-message-definitions/-/widget-post-message-definitions-1.4.0.tgz",
      "integrity": "sha512-rBC+I1gW6hIbmigQ7pqQOf4+d8gENZ3zAAp3L2i6A0L0Oq+U0YlaYNn3f76cTzOPquuKceeFiwyoRTSb4ATwnQ=="
    }
  },
  "dependencies": {
    "@mxenabled/web-widget-sdk": {
      "version": "0.0.13",
      "resolved": "https://registry.npmjs.org/@mxenabled/web-widget-sdk/-/web-widget-sdk-0.0.13.tgz",
      "integrity": "sha512-kPH33le0A/yzAC8x+KVN0ys3+vsE7aunnPYHmLUf0WZLc0oxwYZFcR9NJETnf11yGAbB+tpNWwUf2jMnHBu3Gg==",
      "requires": {
        "@mxenabled/widget-post-message-definitions": "^1.4.0"
      }
    },
    "@mxenabled/widget-post-message-definitions": {
      "version": "1.4.0",
      "resolved": "https://registry.npmjs.org/@mxenabled/widget-post-message-definitions/-/widget-post-message-definitions-1.4.0.tgz",
      "integrity": "sha512-rBC+I1gW6hIbmigQ7pqQOf4+d8gENZ3zAAp3L2i6A0L0Oq+U0YlaYNn3f76cTzOPquuKceeFiwyoRTSb4ATwnQ=="
    }
  }
}
